{
  "name": "fly-fish-intl",
  "version": "0.1.0",
  "lockfileVersion": 2,
  "requires": true,
  "packages": {
    "": {
      "name": "fly-fish-intl",
      "version": "0.1.0",
      "dependencies": {
        "@next/env": "^13.1.0",
        "@storyblok/react": "^1.3.4",
        "axios": "^0.27.2",
        "mkcert": "^1.5.1",
        "next": "^12.3.2",
        "react": "^18.2.0",
        "react-dom": "^18.2.0"
      }
    },
    "node_modules/@next/env": {
      "version": "13.1.0",
      "resolved": "https://registry.npmjs.org/@next/env/-/env-13.1.0.tgz",
      "integrity": "sha512-6iNixFzCndH+Bl4FetQzOMjxCJqg8fs0LAlZviig1K6mIjOWH2m2oPcHcOg1Ta5VCe7Bx5KG1Hs+NrWDUkBt9A=="
    },
    "node_modules/@next/swc-android-arm-eabi": {
      "version": "12.3.2",
      "resolved": "https://registry.npmjs.org/@next/swc-android-arm-eabi/-/swc-android-arm-eabi-12.3.2.tgz",
      "integrity": "sha512-QTEamOK/LCwBf05GZ261rULMbZEpE3TYdjHlXfznV+nXwTztzkBNFXwP67gv2wW44BROzgi/vrR9H8oP+J5jxg==",
      "cpu": [
        "arm"
      ],
      "optional": true,
      "os": [
        "android"
      ],
      "engines": {
        "node": ">= 10"
      }
    },
    "node_modules/@next/swc-android-arm64": {
      "version": "12.3.2",
      "resolved": "https://registry.npmjs.org/@next/swc-android-arm64/-/swc-android-arm64-12.3.2.tgz",
      "integrity": "sha512-wcy2H0Tl9ME8vKy2GnJZ7Mybwys+43F/Eh2Pvph7mSDpMbYBJ6iA0zeY62iYYXxlZhnAID3+h79FUqUEakkClw==",
      "cpu": [
        "arm64"
      ],
      "optional": true,
      "os": [
        "android"
      ],
      "engines": {
        "node": ">= 10"
      }
    },
    "node_modules/@next/swc-darwin-arm64": {
      "version": "12.3.2",
      "resolved": "https://registry.npmjs.org/@next/swc-darwin-arm64/-/swc-darwin-arm64-12.3.2.tgz",
      "integrity": "sha512-F/mU7csN1/J2cqXJPMgTQ6MwAbc1pJ6sp6W+X0z5JEY4IFDzxKd3wRc3pCiNF7j8xW381JlNpWxhjCctnNmfaw==",
      "cpu": [
        "arm64"
      ],
      "optional": true,
      "os": [
        "darwin"
      ],
      "engines": {
        "node": ">= 10"
      }
    },
    "node_modules/@next/swc-darwin-x64": {
      "version": "12.3.2",
      "resolved": "https://registry.npmjs.org/@next/swc-darwin-x64/-/swc-darwin-x64-12.3.2.tgz",
      "integrity": "sha512-636AuRQynCPnIPRVzcCk5B7OMq9XjaYam2T0HeWUCE6y7EqEO3kxiuZ4QmN81T7A6Ydb+JnivYrLelHXmgdj6A==",
      "cpu": [
        "x64"
      ],
      "optional": true,
      "os": [
        "darwin"
      ],
      "engines": {
        "node": ">= 10"
      }
    },
    "node_modules/@next/swc-freebsd-x64": {
      "version": "12.3.2",
      "resolved": "https://registry.npmjs.org/@next/swc-freebsd-x64/-/swc-freebsd-x64-12.3.2.tgz",
      "integrity": "sha512-92XAMzNgQazowZ9t7uZmHRA5VdBl/SwEdrf5UybdfRovsxB4r3+yJWEvFaqYpSEp0gwndbwLokJdpz7OwFdL3Q==",
      "cpu": [
        "x64"
      ],
      "optional": true,
      "os": [
        "freebsd"
      ],
      "engines": {
        "node": ">= 10"
      }
    },
    "node_modules/@next/swc-linux-arm-gnueabihf": {
      "version": "12.3.2",
      "resolved": "https://registry.npmjs.org/@next/swc-linux-arm-gnueabihf/-/swc-linux-arm-gnueabihf-12.3.2.tgz",
      "integrity": "sha512-3r1CWl5P6I5n5Yxip8EXv/Rfu2Cp6wVmIOpvmczyUR82j+bcMkwPAcUjNkG/vMCagS4xV7NElrcdGb39iFmfLg==",
      "cpu": [
        "arm"
      ],
      "optional": true,
      "os": [
        "linux"
      ],
      "engines": {
        "node": ">= 10"
      }
    },
    "node_modules/@next/swc-linux-arm64-gnu": {
      "version": "12.3.2",
      "resolved": "https://registry.npmjs.org/@next/swc-linux-arm64-gnu/-/swc-linux-arm64-gnu-12.3.2.tgz",
      "integrity": "sha512-RXo8tt6ppiwyS6hpDw3JdAjKcdVewsefxnxk9xOH4mRhMyq9V2lQx0e24X/dRiZqkx3jnWReR2WRrUlgN1UkSQ==",
      "cpu": [
        "arm64"
      ],
      "optional": true,
      "os": [
        "linux"
      ],
      "engines": {
        "node": ">= 10"
      }
    },
    "node_modules/@next/swc-linux-arm64-musl": {
      "version": "12.3.2",
      "resolved": "https://registry.npmjs.org/@next/swc-linux-arm64-musl/-/swc-linux-arm64-musl-12.3.2.tgz",
      "integrity": "sha512-RWpnW+bmfXyxyY7iARbueYDGuIF+BEp3etLeYh/RUNHb9PhOHLDgJOG8haGSykud3a6CcyBI8hEjqOhoObaDpw==",
      "cpu": [
        "arm64"
      ],
      "optional": true,
      "os": [
        "linux"
      ],
      "engines": {
        "node": ">= 10"
      }
    },
    "node_modules/@next/swc-linux-x64-gnu": {
      "version": "12.3.2",
      "resolved": "https://registry.npmjs.org/@next/swc-linux-x64-gnu/-/swc-linux-x64-gnu-12.3.2.tgz",
      "integrity": "sha512-/ygUIiMMTYnbKlFs5Ba9J5k/tNxFWy8eI1bBF8UuMTvV8QJHl/aLDiA5dwsei2kk99/cu3eay62JnJXkSk3RSQ==",
      "cpu": [
        "x64"
      ],
      "optional": true,
      "os": [
        "linux"
      ],
      "engines": {
        "node": ">= 10"
      }
    },
    "node_modules/@next/swc-linux-x64-musl": {
      "version": "12.3.2",
      "resolved": "https://registry.npmjs.org/@next/swc-linux-x64-musl/-/swc-linux-x64-musl-12.3.2.tgz",
      "integrity": "sha512-dLzr6AL77USJN0ejgx5AS8O8SbFlbYTzs0XwAWag4oQpUG2p3ARvxwQgYQ0Z+6EP0zIRZ/XfLkN/mhsyi3m4PA==",
      "cpu": [
        "x64"
      ],
      "optional": true,
      "os": [
        "linux"
      ],
      "engines": {
        "node": ">= 10"
      }
    },
    "node_modules/@next/swc-win32-arm64-msvc": {
      "version": "12.3.2",
      "resolved": "https://registry.npmjs.org/@next/swc-win32-arm64-msvc/-/swc-win32-arm64-msvc-12.3.2.tgz",
      "integrity": "sha512-+vFIVa82AwqFkpFClKT+n73fGxrhAZ2u1u3mDYEBdxO6c9U4Pj3S5tZFsGFK9kLT/bFvf/eeVOICSLCC7MSgJQ==",
      "cpu": [
        "arm64"
      ],
      "optional": true,
      "os": [
        "win32"
      ],
      "engines": {
        "node": ">= 10"
      }
    },
    "node_modules/@next/swc-win32-ia32-msvc": {
      "version": "12.3.2",
      "resolved": "https://registry.npmjs.org/@next/swc-win32-ia32-msvc/-/swc-win32-ia32-msvc-12.3.2.tgz",
      "integrity": "sha512-RNLXIhp+assD39dQY9oHhDxw+/qSJRARKhOFsHfOtf8yEfCHqcKkn3X/L+ih60ntaEqK294y1WkMk6ylotsxwA==",
      "cpu": [
        "ia32"
      ],
      "optional": true,
      "os": [
        "win32"
      ],
      "engines": {
        "node": ">= 10"
      }
    },
    "node_modules/@next/swc-win32-x64-msvc": {
      "version": "12.3.2",
      "resolved": "https://registry.npmjs.org/@next/swc-win32-x64-msvc/-/swc-win32-x64-msvc-12.3.2.tgz",
      "integrity": "sha512-kvdnlLcrnEq72ZP0lqe2Z5NqvB9N5uSCvtXJ0PhKvNncWWd0fEG9Ec9erXgwCmVlM2ytw41k9/uuQ+SVw4Pihw==",
      "cpu": [
        "x64"
      ],
      "optional": true,
      "os": [
        "win32"
      ],
      "engines": {
        "node": ">= 10"
      }
    },
    "node_modules/@storyblok/js": {
      "version": "1.8.6",
      "resolved": "https://registry.npmjs.org/@storyblok/js/-/js-1.8.6.tgz",
      "integrity": "sha512-MpDhwfs+TBrnfQqr9z+z7SCLnvX6/jZKCasexEvVt0Qp+MvWD7IsQtBu6WnKboTjaR4VLFb69YTk+xUG/Roqgw==",
      "dependencies": {
        "storyblok-js-client": "^4.5.8"
      }
    },
    "node_modules/@storyblok/react": {
      "version": "1.3.4",
      "resolved": "https://registry.npmjs.org/@storyblok/react/-/react-1.3.4.tgz",
      "integrity": "sha512-8pV6VzJSLAgJeWxhO+ZhdXVe7+xO/OdkTPPxHoQWHGdI6JJ413trJ2vODh/T0sC7b5cTyDFCxk/IslYxm5CFtA==",
      "dependencies": {
        "@storyblok/js": "^1.8.6"
      },
      "peerDependencies": {
        "react": "^17.0.0 || ^18.0.0",
        "react-dom": "^17.0.0 || ^18.0.0"
      }
    },
    "node_modules/@swc/helpers": {
      "version": "0.4.11",
      "resolved": "https://registry.npmjs.org/@swc/helpers/-/helpers-0.4.11.tgz",
      "integrity": "sha512-rEUrBSGIoSFuYxwBYtlUFMlE2CwGhmW+w9355/5oduSw8e5h2+Tj4UrAGNNgP9915++wj5vkQo0UuOBqOAq4nw==",
      "dependencies": {
        "tslib": "^2.4.0"
      }
    },
    "node_modules/asynckit": {
      "version": "0.4.0",
      "resolved": "https://registry.npmjs.org/asynckit/-/asynckit-0.4.0.tgz",
      "integrity": "sha512-Oei9OH4tRh0YqU3GxhX79dM/mwVgvbZJaSNaRk+bshkj0S5cfHcgYakreBjrHwatXKbz+IoIdYLxrKim2MjW0Q=="
    },
    "node_modules/axios": {
      "version": "0.27.2",
      "resolved": "https://registry.npmjs.org/axios/-/axios-0.27.2.tgz",
      "integrity": "sha512-t+yRIyySRTp/wua5xEr+z1q60QmLq8ABsS5O9Me1AsE5dfKqgnCFzwiCZZ/cGNd1lq4/7akDWMxdhVlucjmnOQ==",
      "dependencies": {
        "follow-redirects": "^1.14.9",
        "form-data": "^4.0.0"
      }
    },
    "node_modules/caniuse-lite": {
      "version": "1.0.30001439",
      "resolved": "https://registry.npmjs.org/caniuse-lite/-/caniuse-lite-1.0.30001439.tgz",
      "integrity": "sha512-1MgUzEkoMO6gKfXflStpYgZDlFM7M/ck/bgfVCACO5vnAf0fXoNVHdWtqGU+MYca+4bL9Z5bpOVmR33cWW9G2A==",
      "funding": [
        {
          "type": "opencollective",
          "url": "https://opencollective.com/browserslist"
        },
        {
          "type": "tidelift",
          "url": "https://tidelift.com/funding/github/npm/caniuse-lite"
        }
      ]
    },
    "node_modules/combined-stream": {
      "version": "1.0.8",
      "resolved": "https://registry.npmjs.org/combined-stream/-/combined-stream-1.0.8.tgz",
      "integrity": "sha512-FQN4MRfuJeHf7cBbBMJFXhKSDq+2kAArBlmRBvcvFE5BB1HZKXtSFASDhdlz9zOYwxh8lDdnvmMOe/+5cdoEdg==",
      "dependencies": {
        "delayed-stream": "~1.0.0"
      },
      "engines": {
        "node": ">= 0.8"
      }
    },
    "node_modules/commander": {
      "version": "9.4.1",
      "resolved": "https://registry.npmjs.org/commander/-/commander-9.4.1.tgz",
      "integrity": "sha512-5EEkTNyHNGFPD2H+c/dXXfQZYa/scCKasxWcXJaWnNJ99pnQN9Vnmqow+p+PlFPE63Q6mThaZws1T+HxfpgtPw==",
      "engines": {
        "node": "^12.20.0 || >=14"
      }
    },
    "node_modules/delayed-stream": {
      "version": "1.0.0",
      "resolved": "https://registry.npmjs.org/delayed-stream/-/delayed-stream-1.0.0.tgz",
      "integrity": "sha512-ZySD7Nf91aLB0RxL4KGrKHBXl7Eds1DAmEdcoVawXnLD7SDhpNgtuII2aAkg7a7QS41jxPSZ17p4VdGnMHk3MQ==",
      "engines": {
        "node": ">=0.4.0"
      }
    },
    "node_modules/follow-redirects": {
      "version": "1.15.2",
      "resolved": "https://registry.npmjs.org/follow-redirects/-/follow-redirects-1.15.2.tgz",
      "integrity": "sha512-VQLG33o04KaQ8uYi2tVNbdrWp1QWxNNea+nmIB4EVM28v0hmP17z7aG1+wAkNzVq4KeXTq3221ye5qTJP91JwA==",
      "funding": [
        {
          "type": "individual",
          "url": "https://github.com/sponsors/RubenVerborgh"
        }
      ],
      "engines": {
        "node": ">=4.0"
      },
      "peerDependenciesMeta": {
        "debug": {
          "optional": true
        }
      }
    },
    "node_modules/form-data": {
      "version": "4.0.0",
      "resolved": "https://registry.npmjs.org/form-data/-/form-data-4.0.0.tgz",
      "integrity": "sha512-ETEklSGi5t0QMZuiXoA/Q6vcnxcLQP5vdugSpuAyi6SVGi2clPPp+xgEhuMaHC+zGgn31Kd235W35f7Hykkaww==",
      "dependencies": {
        "asynckit": "^0.4.0",
        "combined-stream": "^1.0.8",
        "mime-types": "^2.1.12"
      },
      "engines": {
        "node": ">= 6"
      }
    },
    "node_modules/ip-regex": {
      "version": "4.3.0",
      "resolved": "https://registry.npmjs.org/ip-regex/-/ip-regex-4.3.0.tgz",
      "integrity": "sha512-B9ZWJxHHOHUhUjCPrMpLD4xEq35bUTClHM1S6CBU5ixQnkZmwipwgc96vAd7AAGM9TGHvJR+Uss+/Ak6UphK+Q==",
      "engines": {
        "node": ">=8"
      }
    },
    "node_modules/js-tokens": {
      "version": "4.0.0",
      "resolved": "https://registry.npmjs.org/js-tokens/-/js-tokens-4.0.0.tgz",
      "integrity": "sha512-RdJUflcE3cUzKiMqQgsCu06FPu9UdIJO0beYbPhHN4k6apgJtifcoCtT9bcxOpYBtpD2kCM6Sbzg4CausW/PKQ=="
    },
    "node_modules/loose-envify": {
      "version": "1.4.0",
      "resolved": "https://registry.npmjs.org/loose-envify/-/loose-envify-1.4.0.tgz",
      "integrity": "sha512-lyuxPGr/Wfhrlem2CL/UcnUc1zcqKAImBDzukY7Y5F/yQiNdko6+fRLevlw1HgMySw7f611UIY408EtxRSoK3Q==",
      "dependencies": {
        "js-tokens": "^3.0.0 || ^4.0.0"
      },
      "bin": {
        "loose-envify": "cli.js"
      }
    },
    "node_modules/mime-db": {
      "version": "1.52.0",
      "resolved": "https://registry.npmjs.org/mime-db/-/mime-db-1.52.0.tgz",
      "integrity": "sha512-sPU4uV7dYlvtWJxwwxHD0PuihVNiE7TyAbQ5SWxDCB9mUYvOgroQOwYQQOKPJ8CIbE+1ETVlOoK1UC2nU3gYvg==",
      "engines": {
        "node": ">= 0.6"
      }
    },
    "node_modules/mime-types": {
      "version": "2.1.35",
      "resolved": "https://registry.npmjs.org/mime-types/-/mime-types-2.1.35.tgz",
      "integrity": "sha512-ZDY+bPm5zTTF+YpCrAU9nK0UgICYPT0QtT1NZWFv4s++TNkcgVaT0g6+4R2uI4MjQjzysHB1zxuWL50hzaeXiw==",
      "dependencies": {
        "mime-db": "1.52.0"
      },
      "engines": {
        "node": ">= 0.6"
      }
    },
    "node_modules/mkcert": {
      "version": "1.5.1",
      "resolved": "https://registry.npmjs.org/mkcert/-/mkcert-1.5.1.tgz",
      "integrity": "sha512-MHOmridCutIIPMKvaQwueIAo+lsHPyO0WotbGIOq5V4mPywrjtOPlzdS/kgk/2vjRELWv4OrDSKo4KA8H7VARw==",
      "dependencies": {
        "commander": "^9.4.0",
        "ip-regex": "^4.3.0",
        "node-forge": "^1.3.1"
      },
      "bin": {
        "mkcert": "src/cli.js"
      },
      "engines": {
        "node": ">=12"
      }
    },
    "node_modules/nanoid": {
      "version": "3.3.4",
      "resolved": "https://registry.npmjs.org/nanoid/-/nanoid-3.3.4.tgz",
      "integrity": "sha512-MqBkQh/OHTS2egovRtLk45wEyNXwF+cokD+1YPf9u5VfJiRdAiRwB2froX5Co9Rh20xs4siNPm8naNotSD6RBw==",
      "bin": {
        "nanoid": "bin/nanoid.cjs"
      },
      "engines": {
        "node": "^10 || ^12 || ^13.7 || ^14 || >=15.0.1"
      }
    },
    "node_modules/next": {
      "version": "12.3.2",
      "resolved": "https://registry.npmjs.org/next/-/next-12.3.2.tgz",
      "integrity": "sha512-orzvvebCwOqaz1eA5ZA0R5dbKxqtJyw7yeig7kDspu6p8OrplfyelzpvMHcDTKscv/l0nn/0l0v3mSsE8w4k7A==",
      "dependencies": {
        "@next/env": "12.3.2",
        "@swc/helpers": "0.4.11",
        "caniuse-lite": "^1.0.30001406",
        "postcss": "8.4.14",
        "styled-jsx": "5.0.7",
        "use-sync-external-store": "1.2.0"
      },
      "bin": {
        "next": "dist/bin/next"
      },
      "engines": {
        "node": ">=12.22.0"
      },
      "optionalDependencies": {
        "@next/swc-android-arm-eabi": "12.3.2",
        "@next/swc-android-arm64": "12.3.2",
        "@next/swc-darwin-arm64": "12.3.2",
        "@next/swc-darwin-x64": "12.3.2",
        "@next/swc-freebsd-x64": "12.3.2",
        "@next/swc-linux-arm-gnueabihf": "12.3.2",
        "@next/swc-linux-arm64-gnu": "12.3.2",
        "@next/swc-linux-arm64-musl": "12.3.2",
        "@next/swc-linux-x64-gnu": "12.3.2",
        "@next/swc-linux-x64-musl": "12.3.2",
        "@next/swc-win32-arm64-msvc": "12.3.2",
        "@next/swc-win32-ia32-msvc": "12.3.2",
        "@next/swc-win32-x64-msvc": "12.3.2"
      },
      "peerDependencies": {
        "fibers": ">= 3.1.0",
        "node-sass": "^6.0.0 || ^7.0.0",
        "react": "^17.0.2 || ^18.0.0-0",
        "react-dom": "^17.0.2 || ^18.0.0-0",
        "sass": "^1.3.0"
      },
      "peerDependenciesMeta": {
        "fibers": {
          "optional": true
        },
        "node-sass": {
          "optional": true
        },
        "sass": {
          "optional": true
        }
      }
    },
    "node_modules/next/node_modules/@next/env": {
      "version": "12.3.2",
      "resolved": "https://registry.npmjs.org/@next/env/-/env-12.3.2.tgz",
      "integrity": "sha512-upwtMaHxlv/udAWGq0kE+rg8huwmcxQPsKZFhS1R5iVO323mvxEBe1YrSXe1awLbg9sTIuEHbgxjLLt7JbeuAQ=="
    },
    "node_modules/node-forge": {
      "version": "1.3.1",
      "resolved": "https://registry.npmjs.org/node-forge/-/node-forge-1.3.1.tgz",
      "integrity": "sha512-dPEtOeMvF9VMcYV/1Wb8CPoVAXtp6MKMlcbAt4ddqmGqUJ6fQZFXkNZNkNlfevtNkGtaSoXf/vNNNSvgrdXwtA==",
      "engines": {
        "node": ">= 6.13.0"
      }
    },
    "node_modules/picocolors": {
      "version": "1.0.0",
      "resolved": "https://registry.npmjs.org/picocolors/-/picocolors-1.0.0.tgz",
      "integrity": "sha512-1fygroTLlHu66zi26VoTDv8yRgm0Fccecssto+MhsZ0D/DGW2sm8E8AjW7NU5VVTRt5GxbeZ5qBuJr+HyLYkjQ=="
    },
    "node_modules/postcss": {
      "version": "8.4.14",
      "resolved": "https://registry.npmjs.org/postcss/-/postcss-8.4.14.tgz",
      "integrity": "sha512-E398TUmfAYFPBSdzgeieK2Y1+1cpdxJx8yXbK/m57nRhKSmk1GB2tO4lbLBtlkfPQTDKfe4Xqv1ASWPpayPEig==",
      "funding": [
        {
          "type": "opencollective",
          "url": "https://opencollective.com/postcss/"
        },
        {
          "type": "tidelift",
          "url": "https://tidelift.com/funding/github/npm/postcss"
        }
      ],
      "dependencies": {
        "nanoid": "^3.3.4",
        "picocolors": "^1.0.0",
        "source-map-js": "^1.0.2"
      },
      "engines": {
        "node": "^10 || ^12 || >=14"
      }
    },
    "node_modules/react": {
      "version": "18.2.0",
      "resolved": "https://registry.npmjs.org/react/-/react-18.2.0.tgz",
      "integrity": "sha512-/3IjMdb2L9QbBdWiW5e3P2/npwMBaU9mHCSCUzNln0ZCYbcfTsGbTJrU/kGemdH2IWmB2ioZ+zkxtmq6g09fGQ==",
      "dependencies": {
        "loose-envify": "^1.1.0"
      },
      "engines": {
        "node": ">=0.10.0"
      }
    },
    "node_modules/react-dom": {
      "version": "18.2.0",
      "resolved": "https://registry.npmjs.org/react-dom/-/react-dom-18.2.0.tgz",
      "integrity": "sha512-6IMTriUmvsjHUjNtEDudZfuDQUoWXVxKHhlEGSk81n4YFS+r/Kl99wXiwlVXtPBtJenozv2P+hxDsw9eA7Xo6g==",
      "dependencies": {
        "loose-envify": "^1.1.0",
        "scheduler": "^0.23.0"
      },
      "peerDependencies": {
        "react": "^18.2.0"
      }
    },
    "node_modules/scheduler": {
      "version": "0.23.0",
      "resolved": "https://registry.npmjs.org/scheduler/-/scheduler-0.23.0.tgz",
      "integrity": "sha512-CtuThmgHNg7zIZWAXi3AsyIzA3n4xx7aNyjwC2VJldO2LMVDhFK+63xGqq6CsJH4rTAt6/M+N4GhZiDYPx9eUw==",
      "dependencies": {
        "loose-envify": "^1.1.0"
      }
    },
    "node_modules/source-map-js": {
      "version": "1.0.2",
      "resolved": "https://registry.npmjs.org/source-map-js/-/source-map-js-1.0.2.tgz",
      "integrity": "sha512-R0XvVJ9WusLiqTCEiGCmICCMplcCkIwwR11mOSD9CR5u+IXYdiseeEuXCVAjS54zqwkLcPNnmU4OeJ6tUrWhDw==",
      "engines": {
        "node": ">=0.10.0"
      }
    },
    "node_modules/storyblok-js-client": {
      "version": "4.5.8",
      "resolved": "https://registry.npmjs.org/storyblok-js-client/-/storyblok-js-client-4.5.8.tgz",
      "integrity": "sha512-0Wp7Kn4RdKaKRgMmNDu8c6OC81x1mgeri4ziKDY9BsUZEIGLTNw8KFIWlHYACgMnJQn/6qZaV9kGo8IY4hv6GA==",
      "peerDependencies": {
        "axios": "^0.27.2"
      }
    },
    "node_modules/styled-jsx": {
      "version": "5.0.7",
      "resolved": "https://registry.npmjs.org/styled-jsx/-/styled-jsx-5.0.7.tgz",
      "integrity": "sha512-b3sUzamS086YLRuvnaDigdAewz1/EFYlHpYBP5mZovKEdQQOIIYq8lApylub3HHZ6xFjV051kkGU7cudJmrXEA==",
      "engines": {
        "node": ">= 12.0.0"
      },
      "peerDependencies": {
        "react": ">= 16.8.0 || 17.x.x || ^18.0.0-0"
      },
      "peerDependenciesMeta": {
        "@babel/core": {
          "optional": true
        },
        "babel-plugin-macros": {
          "optional": true
        }
      }
    },
    "node_modules/tslib": {
      "version": "2.4.1",
      "resolved": "https://registry.npmjs.org/tslib/-/tslib-2.4.1.tgz",
      "integrity": "sha512-tGyy4dAjRIEwI7BzsB0lynWgOpfqjUdq91XXAlIWD2OwKBH7oCl/GZG/HT4BOHrTlPMOASlMQ7veyTqpmRcrNA=="
    },
    "node_modules/use-sync-external-store": {
      "version": "1.2.0",
      "resolved": "https://registry.npmjs.org/use-sync-external-store/-/use-sync-external-store-1.2.0.tgz",
      "integrity": "sha512-eEgnFxGQ1Ife9bzYs6VLi8/4X6CObHMw9Qr9tPY43iKwsPw8xE8+EFsf/2cFZ5S3esXgpWgtSCtLNS41F+sKPA==",
      "peerDependencies": {
        "react": "^16.8.0 || ^17.0.0 || ^18.0.0"
      }
    }
  },
  "dependencies": {
    "@next/env": {
      "version": "13.1.0",
      "resolved": "https://registry.npmjs.org/@next/env/-/env-13.1.0.tgz",
      "integrity": "sha512-6iNixFzCndH+Bl4FetQzOMjxCJqg8fs0LAlZviig1K6mIjOWH2m2oPcHcOg1Ta5VCe7Bx5KG1Hs+NrWDUkBt9A=="
    },
    "@next/swc-android-arm-eabi": {
      "version": "12.3.2",
      "resolved": "https://registry.npmjs.org/@next/swc-android-arm-eabi/-/swc-android-arm-eabi-12.3.2.tgz",
      "integrity": "sha512-QTEamOK/LCwBf05GZ261rULMbZEpE3TYdjHlXfznV+nXwTztzkBNFXwP67gv2wW44BROzgi/vrR9H8oP+J5jxg==",
      "optional": true
    },
    "@next/swc-android-arm64": {
      "version": "12.3.2",
      "resolved": "https://registry.npmjs.org/@next/swc-android-arm64/-/swc-android-arm64-12.3.2.tgz",
      "integrity": "sha512-wcy2H0Tl9ME8vKy2GnJZ7Mybwys+43F/Eh2Pvph7mSDpMbYBJ6iA0zeY62iYYXxlZhnAID3+h79FUqUEakkClw==",
      "optional": true
    },
    "@next/swc-darwin-arm64": {
      "version": "12.3.2",
      "resolved": "https://registry.npmjs.org/@next/swc-darwin-arm64/-/swc-darwin-arm64-12.3.2.tgz",
      "integrity": "sha512-F/mU7csN1/J2cqXJPMgTQ6MwAbc1pJ6sp6W+X0z5JEY4IFDzxKd3wRc3pCiNF7j8xW381JlNpWxhjCctnNmfaw==",
      "optional": true
    },
    "@next/swc-darwin-x64": {
      "version": "12.3.2",
      "resolved": "https://registry.npmjs.org/@next/swc-darwin-x64/-/swc-darwin-x64-12.3.2.tgz",
      "integrity": "sha512-636AuRQynCPnIPRVzcCk5B7OMq9XjaYam2T0HeWUCE6y7EqEO3kxiuZ4QmN81T7A6Ydb+JnivYrLelHXmgdj6A==",
      "optional": true
    },
    "@next/swc-freebsd-x64": {
      "version": "12.3.2",
      "resolved": "https://registry.npmjs.org/@next/swc-freebsd-x64/-/swc-freebsd-x64-12.3.2.tgz",
      "integrity": "sha512-92XAMzNgQazowZ9t7uZmHRA5VdBl/SwEdrf5UybdfRovsxB4r3+yJWEvFaqYpSEp0gwndbwLokJdpz7OwFdL3Q==",
      "optional": true
    },
    "@next/swc-linux-arm-gnueabihf": {
      "version": "12.3.2",
      "resolved": "https://registry.npmjs.org/@next/swc-linux-arm-gnueabihf/-/swc-linux-arm-gnueabihf-12.3.2.tgz",
      "integrity": "sha512-3r1CWl5P6I5n5Yxip8EXv/Rfu2Cp6wVmIOpvmczyUR82j+bcMkwPAcUjNkG/vMCagS4xV7NElrcdGb39iFmfLg==",
      "optional": true
    },
    "@next/swc-linux-arm64-gnu": {
      "version": "12.3.2",
      "resolved": "https://registry.npmjs.org/@next/swc-linux-arm64-gnu/-/swc-linux-arm64-gnu-12.3.2.tgz",
      "integrity": "sha512-RXo8tt6ppiwyS6hpDw3JdAjKcdVewsefxnxk9xOH4mRhMyq9V2lQx0e24X/dRiZqkx3jnWReR2WRrUlgN1UkSQ==",
      "optional": true
    },
    "@next/swc-linux-arm64-musl": {
      "version": "12.3.2",
      "resolved": "https://registry.npmjs.org/@next/swc-linux-arm64-musl/-/swc-linux-arm64-musl-12.3.2.tgz",
      "integrity": "sha512-RWpnW+bmfXyxyY7iARbueYDGuIF+BEp3etLeYh/RUNHb9PhOHLDgJOG8haGSykud3a6CcyBI8hEjqOhoObaDpw==",
      "optional": true
    },
    "@next/swc-linux-x64-gnu": {
      "version": "12.3.2",
      "resolved": "https://registry.npmjs.org/@next/swc-linux-x64-gnu/-/swc-linux-x64-gnu-12.3.2.tgz",
      "integrity": "sha512-/ygUIiMMTYnbKlFs5Ba9J5k/tNxFWy8eI1bBF8UuMTvV8QJHl/aLDiA5dwsei2kk99/cu3eay62JnJXkSk3RSQ==",
      "optional": true
    },
    "@next/swc-linux-x64-musl": {
      "version": "12.3.2",
      "resolved": "https://registry.npmjs.org/@next/swc-linux-x64-musl/-/swc-linux-x64-musl-12.3.2.tgz",
      "integrity": "sha512-dLzr6AL77USJN0ejgx5AS8O8SbFlbYTzs0XwAWag4oQpUG2p3ARvxwQgYQ0Z+6EP0zIRZ/XfLkN/mhsyi3m4PA==",
      "optional": true
    },
    "@next/swc-win32-arm64-msvc": {
      "version": "12.3.2",
      "resolved": "https://registry.npmjs.org/@next/swc-win32-arm64-msvc/-/swc-win32-arm64-msvc-12.3.2.tgz",
      "integrity": "sha512-+vFIVa82AwqFkpFClKT+n73fGxrhAZ2u1u3mDYEBdxO6c9U4Pj3S5tZFsGFK9kLT/bFvf/eeVOICSLCC7MSgJQ==",
      "optional": true
    },
    "@next/swc-win32-ia32-msvc": {
      "version": "12.3.2",
      "resolved": "https://registry.npmjs.org/@next/swc-win32-ia32-msvc/-/swc-win32-ia32-msvc-12.3.2.tgz",
      "integrity": "sha512-RNLXIhp+assD39dQY9oHhDxw+/qSJRARKhOFsHfOtf8yEfCHqcKkn3X/L+ih60ntaEqK294y1WkMk6ylotsxwA==",
      "optional": true
    },
    "@next/swc-win32-x64-msvc": {
      "version": "12.3.2",
      "resolved": "https://registry.npmjs.org/@next/swc-win32-x64-msvc/-/swc-win32-x64-msvc-12.3.2.tgz",
      "integrity": "sha512-kvdnlLcrnEq72ZP0lqe2Z5NqvB9N5uSCvtXJ0PhKvNncWWd0fEG9Ec9erXgwCmVlM2ytw41k9/uuQ+SVw4Pihw==",
      "optional": true
    },
    "@storyblok/js": {
      "version": "1.8.6",
      "resolved": "https://registry.npmjs.org/@storyblok/js/-/js-1.8.6.tgz",
      "integrity": "sha512-MpDhwfs+TBrnfQqr9z+z7SCLnvX6/jZKCasexEvVt0Qp+MvWD7IsQtBu6WnKboTjaR4VLFb69YTk+xUG/Roqgw==",
      "requires": {
        "storyblok-js-client": "^4.5.8"
      }
    },
    "@storyblok/react": {
      "version": "1.3.4",
      "resolved": "https://registry.npmjs.org/@storyblok/react/-/react-1.3.4.tgz",
      "integrity": "sha512-8pV6VzJSLAgJeWxhO+ZhdXVe7+xO/OdkTPPxHoQWHGdI6JJ413trJ2vODh/T0sC7b5cTyDFCxk/IslYxm5CFtA==",
      "requires": {
        "@storyblok/js": "^1.8.6"
      }
    },
    "@swc/helpers": {
      "version": "0.4.11",
      "resolved": "https://registry.npmjs.org/@swc/helpers/-/helpers-0.4.11.tgz",
      "integrity": "sha512-rEUrBSGIoSFuYxwBYtlUFMlE2CwGhmW+w9355/5oduSw8e5h2+Tj4UrAGNNgP9915++wj5vkQo0UuOBqOAq4nw==",
      "requires": {
        "tslib": "^2.4.0"
      }
    },
    "asynckit": {
      "version": "0.4.0",
      "resolved": "https://registry.npmjs.org/asynckit/-/asynckit-0.4.0.tgz",
      "integrity": "sha512-Oei9OH4tRh0YqU3GxhX79dM/mwVgvbZJaSNaRk+bshkj0S5cfHcgYakreBjrHwatXKbz+IoIdYLxrKim2MjW0Q=="
    },
    "axios": {
      "version": "0.27.2",
      "resolved": "https://registry.npmjs.org/axios/-/axios-0.27.2.tgz",
      "integrity": "sha512-t+yRIyySRTp/wua5xEr+z1q60QmLq8ABsS5O9Me1AsE5dfKqgnCFzwiCZZ/cGNd1lq4/7akDWMxdhVlucjmnOQ==",
      "requires": {
        "follow-redirects": "^1.14.9",
        "form-data": "^4.0.0"
      }
    },
    "caniuse-lite": {
      "version": "1.0.30001439",
      "resolved": "https://registry.npmjs.org/caniuse-lite/-/caniuse-lite-1.0.30001439.tgz",
      "integrity": "sha512-1MgUzEkoMO6gKfXflStpYgZDlFM7M/ck/bgfVCACO5vnAf0fXoNVHdWtqGU+MYca+4bL9Z5bpOVmR33cWW9G2A=="
    },
    "combined-stream": {
      "version": "1.0.8",
      "resolved": "https://registry.npmjs.org/combined-stream/-/combined-stream-1.0.8.tgz",
      "integrity": "sha512-FQN4MRfuJeHf7cBbBMJFXhKSDq+2kAArBlmRBvcvFE5BB1HZKXtSFASDhdlz9zOYwxh8lDdnvmMOe/+5cdoEdg==",
      "requires": {
        "delayed-stream": "~1.0.0"
      }
    },
    "commander": {
      "version": "9.4.1",
      "resolved": "https://registry.npmjs.org/commander/-/commander-9.4.1.tgz",
      "integrity": "sha512-5EEkTNyHNGFPD2H+c/dXXfQZYa/scCKasxWcXJaWnNJ99pnQN9Vnmqow+p+PlFPE63Q6mThaZws1T+HxfpgtPw=="
    },
    "delayed-stream": {
      "version": "1.0.0",
      "resolved": "https://registry.npmjs.org/delayed-stream/-/delayed-stream-1.0.0.tgz",
      "integrity": "sha512-ZySD7Nf91aLB0RxL4KGrKHBXl7Eds1DAmEdcoVawXnLD7SDhpNgtuII2aAkg7a7QS41jxPSZ17p4VdGnMHk3MQ=="
    },
    "follow-redirects": {
      "version": "1.15.2",
      "resolved": "https://registry.npmjs.org/follow-redirects/-/follow-redirects-1.15.2.tgz",
      "integrity": "sha512-VQLG33o04KaQ8uYi2tVNbdrWp1QWxNNea+nmIB4EVM28v0hmP17z7aG1+wAkNzVq4KeXTq3221ye5qTJP91JwA=="
    },
    "form-data": {
      "version": "4.0.0",
      "resolved": "https://registry.npmjs.org/form-data/-/form-data-4.0.0.tgz",
      "integrity": "sha512-ETEklSGi5t0QMZuiXoA/Q6vcnxcLQP5vdugSpuAyi6SVGi2clPPp+xgEhuMaHC+zGgn31Kd235W35f7Hykkaww==",
      "requires": {
        "asynckit": "^0.4.0",
        "combined-stream": "^1.0.8",
        "mime-types": "^2.1.12"
      }
    },
    "ip-regex": {
      "version": "4.3.0",
      "resolved": "https://registry.npmjs.org/ip-regex/-/ip-regex-4.3.0.tgz",
      "integrity": "sha512-B9ZWJxHHOHUhUjCPrMpLD4xEq35bUTClHM1S6CBU5ixQnkZmwipwgc96vAd7AAGM9TGHvJR+Uss+/Ak6UphK+Q=="
    },
    "js-tokens": {
      "version": "4.0.0",
      "resolved": "https://registry.npmjs.org/js-tokens/-/js-tokens-4.0.0.tgz",
      "integrity": "sha512-RdJUflcE3cUzKiMqQgsCu06FPu9UdIJO0beYbPhHN4k6apgJtifcoCtT9bcxOpYBtpD2kCM6Sbzg4CausW/PKQ=="
    },
    "loose-envify": {
      "version": "1.4.0",
      "resolved": "https://registry.npmjs.org/loose-envify/-/loose-envify-1.4.0.tgz",
      "integrity": "sha512-lyuxPGr/Wfhrlem2CL/UcnUc1zcqKAImBDzukY7Y5F/yQiNdko6+fRLevlw1HgMySw7f611UIY408EtxRSoK3Q==",
      "requires": {
        "js-tokens": "^3.0.0 || ^4.0.0"
      }
    },
    "mime-db": {
      "version": "1.52.0",
      "resolved": "https://registry.npmjs.org/mime-db/-/mime-db-1.52.0.tgz",
      "integrity": "sha512-sPU4uV7dYlvtWJxwwxHD0PuihVNiE7TyAbQ5SWxDCB9mUYvOgroQOwYQQOKPJ8CIbE+1ETVlOoK1UC2nU3gYvg=="
    },
    "mime-types": {
      "version": "2.1.35",
      "resolved": "https://registry.npmjs.org/mime-types/-/mime-types-2.1.35.tgz",
      "integrity": "sha512-ZDY+bPm5zTTF+YpCrAU9nK0UgICYPT0QtT1NZWFv4s++TNkcgVaT0g6+4R2uI4MjQjzysHB1zxuWL50hzaeXiw==",
      "requires": {
        "mime-db": "1.52.0"
      }
    },
    "mkcert": {
      "version": "1.5.1",
      "resolved": "https://registry.npmjs.org/mkcert/-/mkcert-1.5.1.tgz",
      "integrity": "sha512-MHOmridCutIIPMKvaQwueIAo+lsHPyO0WotbGIOq5V4mPywrjtOPlzdS/kgk/2vjRELWv4OrDSKo4KA8H7VARw==",
      "requires": {
        "commander": "^9.4.0",
        "ip-regex": "^4.3.0",
        "node-forge": "^1.3.1"
      }
    },
    "nanoid": {
      "version": "3.3.4",
      "resolved": "https://registry.npmjs.org/nanoid/-/nanoid-3.3.4.tgz",
      "integrity": "sha512-MqBkQh/OHTS2egovRtLk45wEyNXwF+cokD+1YPf9u5VfJiRdAiRwB2froX5Co9Rh20xs4siNPm8naNotSD6RBw=="
    },
    "next": {
      "version": "12.3.2",
      "resolved": "https://registry.npmjs.org/next/-/next-12.3.2.tgz",
      "integrity": "sha512-orzvvebCwOqaz1eA5ZA0R5dbKxqtJyw7yeig7kDspu6p8OrplfyelzpvMHcDTKscv/l0nn/0l0v3mSsE8w4k7A==",
      "requires": {
        "@next/env": "12.3.2",
        "@next/swc-android-arm-eabi": "12.3.2",
        "@next/swc-android-arm64": "12.3.2",
        "@next/swc-darwin-arm64": "12.3.2",
        "@next/swc-darwin-x64": "12.3.2",
        "@next/swc-freebsd-x64": "12.3.2",
        "@next/swc-linux-arm-gnueabihf": "12.3.2",
        "@next/swc-linux-arm64-gnu": "12.3.2",
        "@next/swc-linux-arm64-musl": "12.3.2",
        "@next/swc-linux-x64-gnu": "12.3.2",
        "@next/swc-linux-x64-musl": "12.3.2",
        "@next/swc-win32-arm64-msvc": "12.3.2",
        "@next/swc-win32-ia32-msvc": "12.3.2",
        "@next/swc-win32-x64-msvc": "12.3.2",
        "@swc/helpers": "0.4.11",
        "caniuse-lite": "^1.0.30001406",
        "postcss": "8.4.14",
        "styled-jsx": "5.0.7",
        "use-sync-external-store": "1.2.0"
      },
      "dependencies": {
        "@next/env": {
          "version": "12.3.2",
          "resolved": "https://registry.npmjs.org/@next/env/-/env-12.3.2.tgz",
          "integrity": "sha512-upwtMaHxlv/udAWGq0kE+rg8huwmcxQPsKZFhS1R5iVO323mvxEBe1YrSXe1awLbg9sTIuEHbgxjLLt7JbeuAQ=="
        }
      }
    },
    "node-forge": {
      "version": "1.3.1",
      "resolved": "https://registry.npmjs.org/node-forge/-/node-forge-1.3.1.tgz",
      "integrity": "sha512-dPEtOeMvF9VMcYV/1Wb8CPoVAXtp6MKMlcbAt4ddqmGqUJ6fQZFXkNZNkNlfevtNkGtaSoXf/vNNNSvgrdXwtA=="
    },
    "picocolors": {
      "version": "1.0.0",
      "resolved": "https://registry.npmjs.org/picocolors/-/picocolors-1.0.0.tgz",
      "integrity": "sha512-1fygroTLlHu66zi26VoTDv8yRgm0Fccecssto+MhsZ0D/DGW2sm8E8AjW7NU5VVTRt5GxbeZ5qBuJr+HyLYkjQ=="
    },
    "postcss": {
      "version": "8.4.14",
      "resolved": "https://registry.npmjs.org/postcss/-/postcss-8.4.14.tgz",
      "integrity": "sha512-E398TUmfAYFPBSdzgeieK2Y1+1cpdxJx8yXbK/m57nRhKSmk1GB2tO4lbLBtlkfPQTDKfe4Xqv1ASWPpayPEig==",
      "requires": {
        "nanoid": "^3.3.4",
        "picocolors": "^1.0.0",
        "source-map-js": "^1.0.2"
      }
    },
    "react": {
      "version": "18.2.0",
      "resolved": "https://registry.npmjs.org/react/-/react-18.2.0.tgz",
      "integrity": "sha512-/3IjMdb2L9QbBdWiW5e3P2/npwMBaU9mHCSCUzNln0ZCYbcfTsGbTJrU/kGemdH2IWmB2ioZ+zkxtmq6g09fGQ==",
      "requires": {
        "loose-envify": "^1.1.0"
      }
    },
    "react-dom": {
      "version": "18.2.0",
      "resolved": "https://registry.npmjs.org/react-dom/-/react-dom-18.2.0.tgz",
      "integrity": "sha512-6IMTriUmvsjHUjNtEDudZfuDQUoWXVxKHhlEGSk81n4YFS+r/Kl99wXiwlVXtPBtJenozv2P+hxDsw9eA7Xo6g==",
      "requires": {
        "loose-envify": "^1.1.0",
        "scheduler": "^0.23.0"
      }
    },
    "scheduler": {
      "version": "0.23.0",
      "resolved": "https://registry.npmjs.org/scheduler/-/scheduler-0.23.0.tgz",
      "integrity": "sha512-CtuThmgHNg7zIZWAXi3AsyIzA3n4xx7aNyjwC2VJldO2LMVDhFK+63xGqq6CsJH4rTAt6/M+N4GhZiDYPx9eUw==",
      "requires": {
        "loose-envify": "^1.1.0"
      }
    },
    "source-map-js": {
      "version": "1.0.2",
      "resolved": "https://registry.npmjs.org/source-map-js/-/source-map-js-1.0.2.tgz",
      "integrity": "sha512-R0XvVJ9WusLiqTCEiGCmICCMplcCkIwwR11mOSD9CR5u+IXYdiseeEuXCVAjS54zqwkLcPNnmU4OeJ6tUrWhDw=="
    },
    "storyblok-js-client": {
      "version": "4.5.8",
      "resolved": "https://registry.npmjs.org/storyblok-js-client/-/storyblok-js-client-4.5.8.tgz",
      "integrity": "sha512-0Wp7Kn4RdKaKRgMmNDu8c6OC81x1mgeri4ziKDY9BsUZEIGLTNw8KFIWlHYACgMnJQn/6qZaV9kGo8IY4hv6GA==",
      "requires": {}
    },
    "styled-jsx": {
      "version": "5.0.7",
      "resolved": "https://registry.npmjs.org/styled-jsx/-/styled-jsx-5.0.7.tgz",
      "integrity": "sha512-b3sUzamS086YLRuvnaDigdAewz1/EFYlHpYBP5mZovKEdQQOIIYq8lApylub3HHZ6xFjV051kkGU7cudJmrXEA==",
      "requires": {}
    },
    "tslib": {
      "version": "2.4.1",
      "resolved": "https://registry.npmjs.org/tslib/-/tslib-2.4.1.tgz",
      "integrity": "sha512-tGyy4dAjRIEwI7BzsB0lynWgOpfqjUdq91XXAlIWD2OwKBH7oCl/GZG/HT4BOHrTlPMOASlMQ7veyTqpmRcrNA=="
    },
    "use-sync-external-store": {
      "version": "1.2.0",
      "resolved": "https://registry.npmjs.org/use-sync-external-store/-/use-sync-external-store-1.2.0.tgz",
      "integrity": "sha512-eEgnFxGQ1Ife9bzYs6VLi8/4X6CObHMw9Qr9tPY43iKwsPw8xE8+EFsf/2cFZ5S3esXgpWgtSCtLNS41F+sKPA==",
      "requires": {}
    }
  }
}
